// !$*UTF8*$!
{
	archiveVersion = 1;
	classes = {
	};
	objectVersion = 55;
	objects = {

/* Begin PBXBuildFile section */
		6C488B67959764A5DCA947DD /* Pods_ToDo_List.framework in Frameworks */ = {isa = PBXBuildFile; fileRef = 7E432F7114C8D4D0D7CC5AEA /* Pods_ToDo_List.framework */; };
		AF5CF04B27FB0ABF00C9CE60 /* CategoryViewController.swift in Sources */ = {isa = PBXBuildFile; fileRef = AF5CF04A27FB0ABF00C9CE60 /* CategoryViewController.swift */; };
		AF72A30527FF5F96009A2B4A /* Item.swift in Sources */ = {isa = PBXBuildFile; fileRef = AF72A30427FF5F96009A2B4A /* Item.swift */; };
		AF72A30727FF5FA9009A2B4A /* Category.swift in Sources */ = {isa = PBXBuildFile; fileRef = AF72A30627FF5FA9009A2B4A /* Category.swift */; };
		AF72A3092800C4E6009A2B4A /* SwipeTableViewController.swift in Sources */ = {isa = PBXBuildFile; fileRef = AF72A3082800C4E6009A2B4A /* SwipeTableViewController.swift */; };
		AFA3166A27E350AF002DD589 /* AppDelegate.swift in Sources */ = {isa = PBXBuildFile; fileRef = AFA3166927E350AF002DD589 /* AppDelegate.swift */; };
		AFA3166C27E350AF002DD589 /* SceneDelegate.swift in Sources */ = {isa = PBXBuildFile; fileRef = AFA3166B27E350AF002DD589 /* SceneDelegate.swift */; };
		AFA3166E27E350AF002DD589 /* TodoListViewController.swift in Sources */ = {isa = PBXBuildFile; fileRef = AFA3166D27E350AF002DD589 /* TodoListViewController.swift */; };
		AFA3167127E350AF002DD589 /* Main.storyboard in Resources */ = {isa = PBXBuildFile; fileRef = AFA3166F27E350AF002DD589 /* Main.storyboard */; };
		AFA3167327E350B1002DD589 /* Assets.xcassets in Resources */ = {isa = PBXBuildFile; fileRef = AFA3167227E350B1002DD589 /* Assets.xcassets */; };
		AFA3167627E350B1002DD589 /* LaunchScreen.storyboard in Resources */ = {isa = PBXBuildFile; fileRef = AFA3167427E350B1002DD589 /* LaunchScreen.storyboard */; };
/* End PBXBuildFile section */

/* Begin PBXFileReference section */
		518D60E38ACFB13BE36636A3 /* Pods-ToDo-List.debug.xcconfig */ = {isa = PBXFileReference; includeInIndex = 1; lastKnownFileType = text.xcconfig; name = "Pods-ToDo-List.debug.xcconfig"; path = "Target Support Files/Pods-ToDo-List/Pods-ToDo-List.debug.xcconfig"; sourceTree = "<group>"; };
		7E432F7114C8D4D0D7CC5AEA /* Pods_ToDo_List.framework */ = {isa = PBXFileReference; explicitFileType = wrapper.framework; includeInIndex = 0; path = Pods_ToDo_List.framework; sourceTree = BUILT_PRODUCTS_DIR; };
		AF5CF04A27FB0ABF00C9CE60 /* CategoryViewController.swift */ = {isa = PBXFileReference; lastKnownFileType = sourcecode.swift; path = CategoryViewController.swift; sourceTree = "<group>"; };
		AF72A30427FF5F96009A2B4A /* Item.swift */ = {isa = PBXFileReference; lastKnownFileType = sourcecode.swift; path = Item.swift; sourceTree = "<group>"; };
		AF72A30627FF5FA9009A2B4A /* Category.swift */ = {isa = PBXFileReference; lastKnownFileType = sourcecode.swift; path = Category.swift; sourceTree = "<group>"; };
		AF72A3082800C4E6009A2B4A /* SwipeTableViewController.swift */ = {isa = PBXFileReference; lastKnownFileType = sourcecode.swift; path = SwipeTableViewController.swift; sourceTree = "<group>"; };
		AFA3166627E350AF002DD589 /* ToDo-List.app */ = {isa = PBXFileReference; explicitFileType = wrapper.application; includeInIndex = 0; path = "ToDo-List.app"; sourceTree = BUILT_PRODUCTS_DIR; };
		AFA3166927E350AF002DD589 /* AppDelegate.swift */ = {isa = PBXFileReference; lastKnownFileType = sourcecode.swift; path = AppDelegate.swift; sourceTree = "<group>"; };
		AFA3166B27E350AF002DD589 /* SceneDelegate.swift */ = {isa = PBXFileReference; lastKnownFileType = sourcecode.swift; path = SceneDelegate.swift; sourceTree = "<group>"; };
		AFA3166D27E350AF002DD589 /* TodoListViewController.swift */ = {isa = PBXFileReference; lastKnownFileType = sourcecode.swift; path = TodoListViewController.swift; sourceTree = "<group>"; };
		AFA3167027E350AF002DD589 /* Base */ = {isa = PBXFileReference; lastKnownFileType = file.storyboard; name = Base; path = Base.lproj/Main.storyboard; sourceTree = "<group>"; };
		AFA3167227E350B1002DD589 /* Assets.xcassets */ = {isa = PBXFileReference; lastKnownFileType = folder.assetcatalog; path = Assets.xcassets; sourceTree = "<group>"; };
		AFA3167527E350B1002DD589 /* Base */ = {isa = PBXFileReference; lastKnownFileType = file.storyboard; name = Base; path = Base.lproj/LaunchScreen.storyboard; sourceTree = "<group>"; };
		AFA3167727E350B1002DD589 /* Info.plist */ = {isa = PBXFileReference; lastKnownFileType = text.plist.xml; path = Info.plist; sourceTree = "<group>"; };
		BDB323099F0DDBA119175016 /* Pods-ToDo-List.release.xcconfig */ = {isa = PBXFileReference; includeInIndex = 1; lastKnownFileType = text.xcconfig; name = "Pods-ToDo-List.release.xcconfig"; path = "Target Support Files/Pods-ToDo-List/Pods-ToDo-List.release.xcconfig"; sourceTree = "<group>"; };
/* End PBXFileReference section */

/* Begin PBXFrameworksBuildPhase section */
		AFA3166327E350AF002DD589 /* Frameworks */ = {
			isa = PBXFrameworksBuildPhase;
			buildActionMask = 2147483647;
			files = (
				6C488B67959764A5DCA947DD /* Pods_ToDo_List.framework in Frameworks */,
			);
			runOnlyForDeploymentPostprocessing = 0;
		};
/* End PBXFrameworksBuildPhase section */

/* Begin PBXGroup section */
		01DD3F34A911B2FC72E065F9 /* Frameworks */ = {
			isa = PBXGroup;
			children = (
				7E432F7114C8D4D0D7CC5AEA /* Pods_ToDo_List.framework */,
			);
			name = Frameworks;
			sourceTree = "<group>";
		};
		819400462911CC5DDA652035 /* Pods */ = {
			isa = PBXGroup;
			children = (
				518D60E38ACFB13BE36636A3 /* Pods-ToDo-List.debug.xcconfig */,
				BDB323099F0DDBA119175016 /* Pods-ToDo-List.release.xcconfig */,
			);
			path = Pods;
			sourceTree = "<group>";
		};
		AF1C173127F0957C0043F2CE /* Controllers */ = {
			isa = PBXGroup;
			children = (
				AF5CF04A27FB0ABF00C9CE60 /* CategoryViewController.swift */,
				AFA3166D27E350AF002DD589 /* TodoListViewController.swift */,
				AF72A3082800C4E6009A2B4A /* SwipeTableViewController.swift */,
			);
			path = Controllers;
			sourceTree = "<group>";
		};
		AF1C173427F095A80043F2CE /* Data Model */ = {
			isa = PBXGroup;
			children = (
				AF72A30627FF5FA9009A2B4A /* Category.swift */,
				AF72A30427FF5F96009A2B4A /* Item.swift */,
			);
			path = "Data Model";
			sourceTree = "<group>";
		};
		AF1C173527F095B80043F2CE /* Views */ = {
			isa = PBXGroup;
			children = (
				AFA3166F27E350AF002DD589 /* Main.storyboard */,
			);
			path = Views;
			sourceTree = "<group>";
		};
		AF1C173627F096020043F2CE /* Supporting Files */ = {
			isa = PBXGroup;
			children = (
				AFA3167227E350B1002DD589 /* Assets.xcassets */,
				AFA3167427E350B1002DD589 /* LaunchScreen.storyboard */,
			);
			path = "Supporting Files";
			sourceTree = "<group>";
		};
		AFA3165D27E350AF002DD589 = {
			isa = PBXGroup;
			children = (
				AFA3166827E350AF002DD589 /* ToDo-List */,
				AFA3166727E350AF002DD589 /* Products */,
				819400462911CC5DDA652035 /* Pods */,
				01DD3F34A911B2FC72E065F9 /* Frameworks */,
			);
			sourceTree = "<group>";
		};
		AFA3166727E350AF002DD589 /* Products */ = {
			isa = PBXGroup;
			children = (
				AFA3166627E350AF002DD589 /* ToDo-List.app */,
			);
			name = Products;
			sourceTree = "<group>";
		};
		AFA3166827E350AF002DD589 /* ToDo-List */ = {
			isa = PBXGroup;
			children = (
				AFA3166927E350AF002DD589 /* AppDelegate.swift */,
				AFA3166B27E350AF002DD589 /* SceneDelegate.swift */,
				AF1C173127F0957C0043F2CE /* Controllers */,
				AF1C173427F095A80043F2CE /* Data Model */,
				AF1C173527F095B80043F2CE /* Views */,
				AF1C173627F096020043F2CE /* Supporting Files */,
				AFA3167727E350B1002DD589 /* Info.plist */,
			);
			path = "ToDo-List";
			sourceTree = "<group>";
		};
/* End PBXGroup section */

/* Begin PBXNativeTarget section */
		AFA3166527E350AF002DD589 /* ToDo-List */ = {
			isa = PBXNativeTarget;
			buildConfigurationList = AFA3167A27E350B1002DD589 /* Build configuration list for PBXNativeTarget "ToDo-List" */;
			buildPhases = (
				7CD1A78A4ED1C60308F2D8EB /* [CP] Check Pods Manifest.lock */,
				AFA3166227E350AF002DD589 /* Sources */,
				AFA3166327E350AF002DD589 /* Frameworks */,
				AFA3166427E350AF002DD589 /* Resources */,
				8FDF1F6D5316B4F45EF6E43D /* [CP] Embed Pods Frameworks */,
			);
			buildRules = (
			);
			dependencies = (
			);
			name = "ToDo-List";
			productName = "ToDo-List";
			productReference = AFA3166627E350AF002DD589 /* ToDo-List.app */;
			productType = "com.apple.product-type.application";
		};
/* End PBXNativeTarget section */

/* Begin PBXProject section */
		AFA3165E27E350AF002DD589 /* Project object */ = {
			isa = PBXProject;
			attributes = {
				BuildIndependentTargetsInParallel = 1;
				LastSwiftUpdateCheck = 1320;
				LastUpgradeCheck = 1320;
				TargetAttributes = {
					AFA3166527E350AF002DD589 = {
						CreatedOnToolsVersion = 13.2.1;
					};
				};
			};
			buildConfigurationList = AFA3166127E350AF002DD589 /* Build configuration list for PBXProject "ToDo-List" */;
			compatibilityVersion = "Xcode 13.0";
			developmentRegion = en;
			hasScannedForEncodings = 0;
			knownRegions = (
				en,
				Base,
			);
			mainGroup = AFA3165D27E350AF002DD589;
			productRefGroup = AFA3166727E350AF002DD589 /* Products */;
			projectDirPath = "";
			projectRoot = "";
			targets = (
				AFA3166527E350AF002DD589 /* ToDo-List */,
			);
		};
/* End PBXProject section */

/* Begin PBXResourcesBuildPhase section */
		AFA3166427E350AF002DD589 /* Resources */ = {
			isa = PBXResourcesBuildPhase;
			buildActionMask = 2147483647;
			files = (
				AFA3167627E350B1002DD589 /* LaunchScreen.storyboard in Resources */,
				AFA3167327E350B1002DD589 /* Assets.xcassets in Resources */,
				AFA3167127E350AF002DD589 /* Main.storyboard in Resources */,
			);
			runOnlyForDeploymentPostprocessing = 0;
		};
/* End PBXResourcesBuildPhase section */

/* Begin PBXShellScriptBuildPhase section */
		7CD1A78A4ED1C60308F2D8EB /* [CP] Check Pods Manifest.lock */ = {
			isa = PBXShellScriptBuildPhase;
			buildActionMask = 2147483647;
			files = (
			);
			inputFileListPaths = (
			);
			inputPaths = (
				"${PODS_PODFILE_DIR_PATH}/Podfile.lock",
				"${PODS_ROOT}/Manifest.lock",
			);
			name = "[CP] Check Pods Manifest.lock";
			outputFileListPaths = (
			);
			outputPaths = (
				"$(DERIVED_FILE_DIR)/Pods-ToDo-List-checkManifestLockResult.txt",
			);
			runOnlyForDeploymentPostprocessing = 0;
			shellPath = /bin/sh;
			shellScript = "diff \"${PODS_PODFILE_DIR_PATH}/Podfile.lock\" \"${PODS_ROOT}/Manifest.lock\" > /dev/null\nif [ $? != 0 ] ; then\n    # print error to STDERR\n    echo \"error: The sandbox is not in sync with the Podfile.lock. Run 'pod install' or update your CocoaPods installation.\" >&2\n    exit 1\nfi\n# This output is used by Xcode 'outputs' to avoid re-running this script phase.\necho \"SUCCESS\" > \"${SCRIPT_OUTPUT_FILE_0}\"\n";
			showEnvVarsInLog = 0;
		};
		8FDF1F6D5316B4F45EF6E43D /* [CP] Embed Pods Frameworks */ = {
			isa = PBXShellScriptBuildPhase;
			buildActionMask = 2147483647;
			files = (
			);
			inputFileListPaths = (
				"${PODS_ROOT}/Target Support Files/Pods-ToDo-List/Pods-ToDo-List-frameworks-${CONFIGURATION}-input-files.xcfilelist",
			);
			name = "[CP] Embed Pods Frameworks";
			outputFileListPaths = (
				"${PODS_ROOT}/Target Support Files/Pods-ToDo-List/Pods-ToDo-List-frameworks-${CONFIGURATION}-output-files.xcfilelist",
			);
			runOnlyForDeploymentPostprocessing = 0;
			shellPath = /bin/sh;
			shellScript = "\"${PODS_ROOT}/Target Support Files/Pods-ToDo-List/Pods-ToDo-List-frameworks.sh\"\n";
			showEnvVarsInLog = 0;
		};
/* End PBXShellScriptBuildPhase section */

/* Begin PBXSourcesBuildPhase section */
		AFA3166227E350AF002DD589 /* Sources */ = {
			isa = PBXSourcesBuildPhase;
			buildActionMask = 2147483647;
			files = (
				AF5CF04B27FB0ABF00C9CE60 /* CategoryViewController.swift in Sources */,
				AFA3166E27E350AF002DD589 /* TodoListViewController.swift in Sources */,
				AFA3166A27E350AF002DD589 /* AppDelegate.swift in Sources */,
				AF72A3092800C4E6009A2B4A /* SwipeTableViewController.swift in Sources */,
				AF72A30527FF5F96009A2B4A /* Item.swift in Sources */,
				AFA3166C27E350AF002DD589 /* SceneDelegate.swift in Sources */,
				AF72A30727FF5FA9009A2B4A /* Category.swift in Sources */,
			);
			runOnlyForDeploymentPostprocessing = 0;
		};
/* End PBXSourcesBuildPhase section */

/* Begin PBXVariantGroup section */
		AFA3166F27E350AF002DD589 /* Main.storyboard */ = {
			isa = PBXVariantGroup;
			children = (
				AFA3167027E350AF002DD589 /* Base */,
			);
			name = Main.storyboard;
			sourceTree = "<group>";
		};
		AFA3167427E350B1002DD589 /* LaunchScreen.storyboard */ = {
			isa = PBXVariantGroup;
			children = (
				AFA3167527E350B1002DD589 /* Base */,
			);
			name = LaunchScreen.storyboard;
			sourceTree = "<group>";
		};
/* End PBXVariantGroup section */

/* Begin XCBuildConfiguration section */
		AFA3167827E350B1002DD589 /* Debug */ = {
			isa = XCBuildConfiguration;
			buildSettings = {
				ALWAYS_SEARCH_USER_PATHS = NO;
				CLANG_ANALYZER_NONNULL = YES;
				CLANG_ANALYZER_NUMBER_OBJECT_CONVERSION = YES_AGGRESSIVE;
				CLANG_CXX_LANGUAGE_STANDARD = "gnu++17";
				CLANG_CXX_LIBRARY = "libc++";
				CLANG_ENABLE_MODULES = YES;
				CLANG_ENABLE_OBJC_ARC = YES;
				CLANG_ENABLE_OBJC_WEAK = YES;
				CLANG_WARN_BLOCK_CAPTURE_AUTORELEASING = YES;
				CLANG_WARN_BOOL_CONVERSION = YES;
				CLANG_WARN_COMMA = YES;
				CLANG_WARN_CONSTANT_CONVERSION = YES;
				CLANG_WARN_DEPRECATED_OBJC_IMPLEMENTATIONS = YES;
				CLANG_WARN_DIRECT_OBJC_ISA_USAGE = YES_ERROR;
				CLANG_WARN_DOCUMENTATION_COMMENTS = YES;
				CLANG_WARN_EMPTY_BODY = YES;
				CLANG_WARN_ENUM_CONVERSION = YES;
				CLANG_WARN_INFINITE_RECURSION = YES;
				CLANG_WARN_INT_CONVERSION = YES;
				CLANG_WARN_NON_LITERAL_NULL_CONVERSION = YES;
				CLANG_WARN_OBJC_IMPLICIT_RETAIN_SELF = YES;
				CLANG_WARN_OBJC_LITERAL_CONVERSION = YES;
				CLANG_WARN_OBJC_ROOT_CLASS = YES_ERROR;
				CLANG_WARN_QUOTED_INCLUDE_IN_FRAMEWORK_HEADER = YES;
				CLANG_WARN_RANGE_LOOP_ANALYSIS = YES;
				CLANG_WARN_STRICT_PROTOTYPES = YES;
				CLANG_WARN_SUSPICIOUS_MOVE = YES;
				CLANG_WARN_UNGUARDED_AVAILABILITY = YES_AGGRESSIVE;
				CLANG_WARN_UNREACHABLE_CODE = YES;
				CLANG_WARN__DUPLICATE_METHOD_MATCH = YES;
				COPY_PHASE_STRIP = NO;
				DEBUG_INFORMATION_FORMAT = dwarf;
				ENABLE_STRICT_OBJC_MSGSEND = YES;
				ENABLE_TESTABILITY = YES;
				GCC_C_LANGUAGE_STANDARD = gnu11;
				GCC_DYNAMIC_NO_PIC = NO;
				GCC_NO_COMMON_BLOCKS = YES;
				GCC_OPTIMIZATION_LEVEL = 0;
				GCC_PREPROCESSOR_DEFINITIONS = (
					"DEBUG=1",
					"$(inherited)",
				);
				GCC_WARN_64_TO_32_BIT_CONVERSION = YES;
				GCC_WARN_ABOUT_RETURN_TYPE = YES_ERROR;
				GCC_WARN_UNDECLARED_SELECTOR = YES;
				GCC_WARN_UNINITIALIZED_AUTOS = YES_AGGRESSIVE;
				GCC_WARN_UNUSED_FUNCTION = YES;
				GCC_WARN_UNUSED_VARIABLE = YES;
				IPHONEOS_DEPLOYMENT_TARGET = 15.2;
				MTL_ENABLE_DEBUG_INFO = INCLUDE_SOURCE;
				MTL_FAST_MATH = YES;
				ONLY_ACTIVE_ARCH = YES;
				SDKROOT = iphoneos;
				SWIFT_ACTIVE_COMPILATION_CONDITIONS = DEBUG;
				SWIFT_OPTIMIZATION_LEVEL = "-Onone";
			};
			name = Debug;
		};
		AFA3167927E350B1002DD589 /* Release */ = {
			isa = XCBuildConfiguration;
			buildSettings = {
				ALWAYS_SEARCH_USER_PATHS = NO;
				CLANG_ANALYZER_NONNULL = YES;
				CLANG_ANALYZER_NUMBER_OBJECT_CONVERSION = YES_AGGRESSIVE;
				CLANG_CXX_LANGUAGE_STANDARD = "gnu++17";
				CLANG_CXX_LIBRARY = "libc++";
				CLANG_ENABLE_MODULES = YES;
				CLANG_ENABLE_OBJC_ARC = YES;
				CLANG_ENABLE_OBJC_WEAK = YES;
				CLANG_WARN_BLOCK_CAPTURE_AUTORELEASING = YES;
				CLANG_WARN_BOOL_CONVERSION = YES;
				CLANG_WARN_COMMA = YES;
				CLANG_WARN_CONSTANT_CONVERSION = YES;
				CLANG_WARN_DEPRECATED_OBJC_IMPLEMENTATIONS = YES;
				CLANG_WARN_DIRECT_OBJC_ISA_USAGE = YES_ERROR;
				CLANG_WARN_DOCUMENTATION_COMMENTS = YES;
				CLANG_WARN_EMPTY_BODY = YES;
				CLANG_WARN_ENUM_CONVERSION = YES;
				CLANG_WARN_INFINITE_RECURSION = YES;
				CLANG_WARN_INT_CONVERSION = YES;
				CLANG_WARN_NON_LITERAL_NULL_CONVERSION = YES;
				CLANG_WARN_OBJC_IMPLICIT_RETAIN_SELF = YES;
				CLANG_WARN_OBJC_LITERAL_CONVERSION = YES;
				CLANG_WARN_OBJC_ROOT_CLASS = YES_ERROR;
				CLANG_WARN_QUOTED_INCLUDE_IN_FRAMEWORK_HEADER = YES;
				CLANG_WARN_RANGE_LOOP_ANALYSIS = YES;
				CLANG_WARN_STRICT_PROTOTYPES = YES;
				CLANG_WARN_SUSPICIOUS_MOVE = YES;
				CLANG_WARN_UNGUARDED_AVAILABILITY = YES_AGGRESSIVE;
				CLANG_WARN_UNREACHABLE_CODE = YES;
				CLANG_WARN__DUPLICATE_METHOD_MATCH = YES;
				COPY_PHASE_STRIP = NO;
				DEBUG_INFORMATION_FORMAT = "dwarf-with-dsym";
				ENABLE_NS_ASSERTIONS = NO;
				ENABLE_STRICT_OBJC_MSGSEND = YES;
				GCC_C_LANGUAGE_STANDARD = gnu11;
				GCC_NO_COMMON_BLOCKS = YES;
				GCC_WARN_64_TO_32_BIT_CONVERSION = YES;
				GCC_WARN_ABOUT_RETURN_TYPE = YES_ERROR;
				GCC_WARN_UNDECLARED_SELECTOR = YES;
				GCC_WARN_UNINITIALIZED_AUTOS = YES_AGGRESSIVE;
				GCC_WARN_UNUSED_FUNCTION = YES;
				GCC_WARN_UNUSED_VARIABLE = YES;
				IPHONEOS_DEPLOYMENT_TARGET = 15.2;
				MTL_ENABLE_DEBUG_INFO = NO;
				MTL_FAST_MATH = YES;
				SDKROOT = iphoneos;
				SWIFT_COMPILATION_MODE = wholemodule;
				SWIFT_OPTIMIZATION_LEVEL = "-O";
				VALIDATE_PRODUCT = YES;
			};
			name = Release;
		};
		AFA3167B27E350B1002DD589 /* Debug */ = {
			isa = XCBuildConfiguration;
			baseConfigurationReference = 518D60E38ACFB13BE36636A3 /* Pods-ToDo-List.debug.xcconfig */;
			buildSettings = {
				ASSETCATALOG_COMPILER_APPICON_NAME = AppIcon;
				ASSETCATALOG_COMPILER_GLOBAL_ACCENT_COLOR_NAME = AccentColor;
				CODE_SIGN_STYLE = Automatic;
				CURRENT_PROJECT_VERSION = 1;
				DEVELOPMENT_TEAM = U46UDAAXJL;
				GENERATE_INFOPLIST_FILE = YES;
				INFOPLIST_FILE = "ToDo-List/Info.plist";
				INFOPLIST_KEY_UIApplicationSupportsIndirectInputEvents = YES;
				INFOPLIST_KEY_UILaunchStoryboardName = LaunchScreen;
				INFOPLIST_KEY_UIMainStoryboardFile = Main;
				INFOPLIST_KEY_UISupportedInterfaceOrientations_iPad = "UIInterfaceOrientationPortrait UIInterfaceOrientationPortraitUpsideDown UIInterfaceOrientationLandscapeLeft UIInterfaceOrientationLandscapeRight";
				INFOPLIST_KEY_UISupportedInterfaceOrientations_iPhone = "UIInterfaceOrientationPortrait UIInterfaceOrientationLandscapeLeft UIInterfaceOrientationLandscapeRight";
				IPHONEOS_DEPLOYMENT_TARGET = 13.0;
				LD_RUNPATH_SEARCH_PATHS = (
					"$(inherited)",
					"@executable_path/Frameworks",
				);
				MARKETING_VERSION = 1.0;
				PRODUCT_BUNDLE_IDENTIFIER = "ru.ivselin.ToDo-List";
				PRODUCT_NAME = "$(TARGET_NAME)";
				SWIFT_EMIT_LOC_STRINGS = YES;
				SWIFT_VERSION = 5.0;
				TARGETED_DEVICE_FAMILY = "1,2";
			};
			name = Debug;
		};
		AFA3167C27E350B1002DD589 /* Release */ = {
			isa = XCBuildConfiguration;
			baseConfigurationReference = BDB323099F0DDBA119175016 /* Pods-ToDo-List.release.xcconfig */;
			buildSettings = {
				ASSETCATALOG_COMPILER_APPICON_NAME = AppIcon;
				ASSETCATALOG_COMPILER_GLOBAL_ACCENT_COLOR_NAME = AccentColor;
				CODE_SIGN_STYLE = Automatic;
				CURRENT_PROJECT_VERSION = 1;
				DEVELOPMENT_TEAM = U46UDAAXJL;
				GENERATE_INFOPLIST_FILE = YES;
				INFOPLIST_FILE = "ToDo-List/Info.plist";
				INFOPLIST_KEY_UIApplicationSupportsIndirectInputEvents = YES;
				INFOPLIST_KEY_UILaunchStoryboardName = LaunchScreen;
				INFOPLIST_KEY_UIMainStoryboardFile = Main;
				INFOPLIST_KEY_UISupportedInterfaceOrientations_iPad = "UIInterfaceOrientationPortrait UIInterfaceOrientationPortraitUpsideDown UIInterfaceOrientationLandscapeLeft UIInterfaceOrientationLandscapeRight";
				INFOPLIST_KEY_UISupportedInterfaceOrientations_iPhone = "UIInterfaceOrientationPortrait UIInterfaceOrientationLandscapeLeft UIInterfaceOrientationLandscapeRight";
				IPHONEOS_DEPLOYMENT_TARGET = 13.0;
				LD_RUNPATH_SEARCH_PATHS = (
					"$(inherited)",
					"@executable_path/Frameworks",
				);
				MARKETING_VERSION = 1.0;
				PRODUCT_BUNDLE_IDENTIFIER = "ru.ivselin.ToDo-List";
				PRODUCT_NAME = "$(TARGET_NAME)";
				SWIFT_EMIT_LOC_STRINGS = YES;
				SWIFT_VERSION = 5.0;
				TARGETED_DEVICE_FAMILY = "1,2";
			};
			name = Release;
		};
/* End XCBuildConfiguration section */

/* Begin XCConfigurationList section */
		AFA3166127E350AF002DD589 /* Build configuration list for PBXProject "ToDo-List" */ = {
			isa = XCConfigurationList;
			buildConfigurations = (
				AFA3167827E350B1002DD589 /* Debug */,
				AFA3167927E350B1002DD589 /* Release */,
			);
			defaultConfigurationIsVisible = 0;
			defaultConfigurationName = Release;
		};
		AFA3167A27E350B1002DD589 /* Build configuration list for PBXNativeTarget "ToDo-List" */ = {
			isa = XCConfigurationList;
			buildConfigurations = (
				AFA3167B27E350B1002DD589 /* Debug */,
				AFA3167C27E350B1002DD589 /* Release */,
			);
			defaultConfigurationIsVisible = 0;
			defaultConfigurationName = Release;
		};
/* End XCConfigurationList section */
	};
	rootObject = AFA3165E27E350AF002DD589 /* Project object */;
}
